
Microsoft Visual Studio Solution File, Format Version 12.00
# Visual Studio Version 17
VisualStudioVersion = 17.0.31903.59
MinimumVisualStudioVersion = 10.0.40219.1
Project("{2150E333-8FDC-42A3-9474-1A3956D46DE8}") = "src", "src", "{827E0CD3-B72D-47B6-A68D-7590B98EB39B}"
EndProject
Project("{FAE04EC0-301F-11D3-BF4B-00C04F79EFBC}") = "SkylinePrism.Core", "src\SkylinePrism.Core\SkylinePrism.Core.csproj", "{37EC5EB7-DB5A-4819-B005-5052773EF7FB}"
EndProject
Project("{FAE04EC0-301F-11D3-BF4B-00C04F79EFBC}") = "SkylinePrism.Cli", "src\SkylinePrism.Cli\SkylinePrism.Cli.csproj", "{43DE8E8B-773F-4AA0-8538-DED2E8B5305D}"
EndProject
Project("{FAE04EC0-301F-11D3-BF4B-00C04F79EFBC}") = "SkylinePrism.Tests", "tests\SkylinePrism.Tests\SkylinePrism.Tests.csproj", "{F2492C1F-EBA8-4BE3-BE9F-A802944BED82}"
EndProject
Project("{FAE04EC0-301F-11D3-BF4B-00C04F79EFBC}") = "SkylinePrism.Skyline", "src\SkylinePrism.Skyline\SkylinePrism.Skyline.csproj", "{03FC45E8-3F4A-4033-A48A-BFFFE0BDE6C9}"
EndProject
Project("{FAE04EC0-301F-11D3-BF4B-00C04F79EFBC}") = "SkylinePrism.App", "src\SkylinePrism.App\SkylinePrism.App.csproj", "{8B906E01-1107-4CC9-AFFE-763C89A2B072}"
EndProject
Project("{FAE04EC0-301F-11D3-BF4B-00C04F79EFBC}") = "SkylinePrism.Tests.Windows", "tests\SkylinePrism.Tests.Windows\SkylinePrism.Tests.Windows.csproj", "{EC981458-FAB5-4620-BFA8-D89D154112BF}"
EndProject
Global
	GlobalSection(SolutionConfigurationPlatforms) = preSolution
		Debug|Any CPU = Debug|Any CPU
		Debug|x64 = Debug|x64
		Debug|x86 = Debug|x86
		Release|Any CPU = Release|Any CPU
		Release|x64 = Release|x64
		Release|x86 = Release|x86
	EndGlobalSection
	GlobalSection(ProjectConfigurationPlatforms) = postSolution
		{37EC5EB7-DB5A-4819-B005-5052773EF7FB}.Debug|Any CPU.ActiveCfg = Debug|Any CPU
		{37EC5EB7-DB5A-4819-B005-5052773EF7FB}.Debug|Any CPU.Build.0 = Debug|Any CPU
		{37EC5EB7-DB5A-4819-B005-5052773EF7FB}.Debug|x64.ActiveCfg = Debug|Any CPU
		{37EC5EB7-DB5A-4819-B005-5052773EF7FB}.Debug|x64.Build.0 = Debug|Any CPU
		{37EC5EB7-DB5A-4819-B005-5052773EF7FB}.Debug|x86.ActiveCfg = Debug|Any CPU
		{37EC5EB7-DB5A-4819-B005-5052773EF7FB}.Debug|x86.Build.0 = Debug|Any CPU
		{37EC5EB7-DB5A-4819-B005-5052773EF7FB}.Release|Any CPU.ActiveCfg = Release|Any CPU
		{37EC5EB7-DB5A-4819-B005-5052773EF7FB}.Release|Any CPU.Build.0 = Release|Any CPU
		{37EC5EB7-DB5A-4819-B005-5052773EF7FB}.Release|x64.ActiveCfg = Release|Any CPU
		{37EC5EB7-DB5A-4819-B005-5052773EF7FB}.Release|x64.Build.0 = Release|Any CPU
		{37EC5EB7-DB5A-4819-B005-5052773EF7FB}.Release|x86.ActiveCfg = Release|Any CPU
		{37EC5EB7-DB5A-4819-B005-5052773EF7FB}.Release|x86.Build.0 = Release|Any CPU
		{43DE8E8B-773F-4AA0-8538-DED2E8B5305D}.Debug|Any CPU.ActiveCfg = Debug|Any CPU
		{43DE8E8B-773F-4AA0-8538-DED2E8B5305D}.Debug|Any CPU.Build.0 = Debug|Any CPU
		{43DE8E8B-773F-4AA0-8538-DED2E8B5305D}.Debug|x64.ActiveCfg = Debug|Any CPU
		{43DE8E8B-773F-4AA0-8538-DED2E8B5305D}.Debug|x64.Build.0 = Debug|Any CPU
		{43DE8E8B-773F-4AA0-8538-DED2E8B5305D}.Debug|x86.ActiveCfg = Debug|Any CPU
		{43DE8E8B-773F-4AA0-8538-DED2E8B5305D}.Debug|x86.Build.0 = Debug|Any CPU
		{43DE8E8B-773F-4AA0-8538-DED2E8B5305D}.Release|Any CPU.ActiveCfg = Release|Any CPU
		{43DE8E8B-773F-4AA0-8538-DED2E8B5305D}.Release|Any CPU.Build.0 = Release|Any CPU
		{43DE8E8B-773F-4AA0-8538-DED2E8B5305D}.Release|x64.ActiveCfg = Release|Any CPU
		{43DE8E8B-773F-4AA0-8538-DED2E8B5305D}.Release|x64.Build.0 = Release|Any CPU
		{43DE8E8B-773F-4AA0-8538-DED2E8B5305D}.Release|x86.ActiveCfg = Release|Any CPU
		{43DE8E8B-773F-4AA0-8538-DED2E8B5305D}.Release|x86.Build.0 = Release|Any CPU
		{F2492C1F-EBA8-4BE3-BE9F-A802944BED82}.Debug|Any CPU.ActiveCfg = Debug|Any CPU
		{F2492C1F-EBA8-4BE3-BE9F-A802944BED82}.Debug|Any CPU.Build.0 = Debug|Any CPU
		{F2492C1F-EBA8-4BE3-BE9F-A802944BED82}.Debug|x64.ActiveCfg = Debug|Any CPU
		{F2492C1F-EBA8-4BE3-BE9F-A802944BED82}.Debug|x64.Build.0 = Debug|Any CPU
		{F2492C1F-EBA8-4BE3-BE9F-A802944BED82}.Debug|x86.ActiveCfg = Debug|Any CPU
		{F2492C1F-EBA8-4BE3-BE9F-A802944BED82}.Debug|x86.Build.0 = Debug|Any CPU
		{F2492C1F-EBA8-4BE3-BE9F-A802944BED82}.Release|Any CPU.ActiveCfg = Release|Any CPU
		{F2492C1F-EBA8-4BE3-BE9F-A802944BED82}.Release|Any CPU.Build.0 = Release|Any CPU
		{F2492C1F-EBA8-4BE3-BE9F-A802944BED82}.Release|x64.ActiveCfg = Release|Any CPU
		{F2492C1F-EBA8-4BE3-BE9F-A802944BED82}.Release|x64.Build.0 = Release|Any CPU
		{F2492C1F-EBA8-4BE3-BE9F-A802944BED82}.Release|x86.ActiveCfg = Release|Any CPU
		{F2492C1F-EBA8-4BE3-BE9F-A802944BED82}.Release|x86.Build.0 = Release|Any CPU
		{03FC45E8-3F4A-4033-A48A-BFFFE0BDE6C9}.Debug|Any CPU.ActiveCfg = Debug|Any CPU
		{03FC45E8-3F4A-4033-A48A-BFFFE0BDE6C9}.Debug|Any CPU.Build.0 = Debug|Any CPU
		{03FC45E8-3F4A-4033-A48A-BFFFE0BDE6C9}.Debug|x64.ActiveCfg = Debug|Any CPU
		{03FC45E8-3F4A-4033-A48A-BFFFE0BDE6C9}.Debug|x64.Build.0 = Debug|Any CPU
		{03FC45E8-3F4A-4033-A48A-BFFFE0BDE6C9}.Debug|x86.ActiveCfg = Debug|Any CPU
		{03FC45E8-3F4A-4033-A48A-BFFFE0BDE6C9}.Debug|x86.Build.0 = Debug|Any CPU
		{03FC45E8-3F4A-4033-A48A-BFFFE0BDE6C9}.Release|Any CPU.ActiveCfg = Release|Any CPU
		{03FC45E8-3F4A-4033-A48A-BFFFE0BDE6C9}.Release|Any CPU.Build.0 = Release|Any CPU
		{03FC45E8-3F4A-4033-A48A-BFFFE0BDE6C9}.Release|x64.ActiveCfg = Release|Any CPU
		{03FC45E8-3F4A-4033-A48A-BFFFE0BDE6C9}.Release|x64.Build.0 = Release|Any CPU
		{03FC45E8-3F4A-4033-A48A-BFFFE0BDE6C9}.Release|x86.ActiveCfg = Release|Any CPU
		{03FC45E8-3F4A-4033-A48A-BFFFE0BDE6C9}.Release|x86.Build.0 = Release|Any CPU
		{8B906E01-1107-4CC9-AFFE-763C89A2B072}.Debug|Any CPU.ActiveCfg = Debug|Any CPU
		{8B906E01-1107-4CC9-AFFE-763C89A2B072}.Debug|Any CPU.Build.0 = Debug|Any CPU
		{8B906E01-1107-4CC9-AFFE-763C89A2B072}.Debug|x64.ActiveCfg = Debug|Any CPU
		{8B906E01-1107-4CC9-AFFE-763C89A2B072}.Debug|x64.Build.0 = Debug|Any CPU
		{8B906E01-1107-4CC9-AFFE-763C89A2B072}.Debug|x86.ActiveCfg = Debug|Any CPU
		{8B906E01-1107-4CC9-AFFE-763C89A2B072}.Debug|x86.Build.0 = Debug|Any CPU
		{8B906E01-1107-4CC9-AFFE-763C89A2B072}.Release|Any CPU.ActiveCfg = Release|Any CPU
		{8B906E01-1107-4CC9-AFFE-763C89A2B072}.Release|Any CPU.Build.0 = Release|Any CPU
		{8B906E01-1107-4CC9-AFFE-763C89A2B072}.Release|x64.ActiveCfg = Release|Any CPU
		{8B906E01-1107-4CC9-AFFE-763C89A2B072}.Release|x64.Build.0 = Release|Any CPU
		{8B906E01-1107-4CC9-AFFE-763C89A2B072}.Release|x86.ActiveCfg = Release|Any CPU
		{8B906E01-1107-4CC9-AFFE-763C89A2B072}.Release|x86.Build.0 = Release|Any CPU
		{EC981458-FAB5-4620-BFA8-D89D154112BF}.Debug|Any CPU.ActiveCfg = Debug|Any CPU
		{EC981458-FAB5-4620-BFA8-D89D154112BF}.Debug|Any CPU.Build.0 = Debug|Any CPU
		{EC981458-FAB5-4620-BFA8-D89D154112BF}.Debug|x64.ActiveCfg = Debug|Any CPU
		{EC981458-FAB5-4620-BFA8-D89D154112BF}.Debug|x64.Build.0 = Debug|Any CPU
		{EC981458-FAB5-4620-BFA8-D89D154112BF}.Debug|x86.ActiveCfg = Debug|Any CPU
		{EC981458-FAB5-4620-BFA8-D89D154112BF}.Debug|x86.Build.0 = Debug|Any CPU
		{EC981458-FAB5-4620-BFA8-D89D154112BF}.Release|Any CPU.ActiveCfg = Release|Any CPU
		{EC981458-FAB5-4620-BFA8-D89D154112BF}.Release|Any CPU.Build.0 = Release|Any CPU
		{EC981458-FAB5-4620-BFA8-D89D154112BF}.Release|x64.ActiveCfg = Release|Any CPU
		{EC981458-FAB5-4620-BFA8-D89D154112BF}.Release|x64.Build.0 = Release|Any CPU
		{EC981458-FAB5-4620-BFA8-D89D154112BF}.Release|x86.ActiveCfg = Release|Any CPU
		{EC981458-FAB5-4620-BFA8-D89D154112BF}.Release|x86.Build.0 = Release|Any CPU
	EndGlobalSection
	GlobalSection(SolutionProperties) = preSolution
		HideSolutionNode = FALSE
	EndGlobalSection
	GlobalSection(NestedProjects) = preSolution
		{37EC5EB7-DB5A-4819-B005-5052773EF7FB} = {827E0CD3-B72D-47B6-A68D-7590B98EB39B}
		{43DE8E8B-773F-4AA0-8538-DED2E8B5305D} = {827E0CD3-B72D-47B6-A68D-7590B98EB39B}
		{F2492C1F-EBA8-4BE3-BE9F-A802944BED82} = {827E0CD3-B72D-47B6-A68D-7590B98EB39B}
		{03FC45E8-3F4A-4033-A48A-BFFFE0BDE6C9} = {827E0CD3-B72D-47B6-A68D-7590B98EB39B}
		{8B906E01-1107-4CC9-AFFE-763C89A2B072} = {827E0CD3-B72D-47B6-A68D-7590B98EB39B}
		{EC981458-FAB5-4620-BFA8-D89D154112BF} = {827E0CD3-B72D-47B6-A68D-7590B98EB39B}
	EndGlobalSection
EndGlobal
